
Microsoft Visual Studio Solution File, Format Version 12.00
# Visual Studio 15
VisualStudioVersion = 15.0.27004.2006
MinimumVisualStudioVersion = 10.0.40219.1
Project("{9A19103F-16F7-4668-BE54-9A1E7A4F7556}") = "Kaolin.RzdRu.Api", "Kaolin.RzdRu.Api\Kaolin.RzdRu.Api.csproj", "{A0A99268-08AA-4A07-88D3-41EE2DDA3A14}"
EndProject
Project("{9A19103F-16F7-4668-BE54-9A1E7A4F7556}") = "Kaolin.Services.PassRzdRu.Parser", "Kaolin.Services.PassRzdRu.Parser\Kaolin.Services.PassRzdRu.Parser.csproj", "{6B9FD207-1C82-4095-8554-3D95CAE38C00}"
EndProject
Project("{9A19103F-16F7-4668-BE54-9A1E7A4F7556}") = "Kaolin.Services.PassRzdRu.ConsoleApp", "Kaolin.Services.PassRzdRu.ConsoleApp\Kaolin.Services.PassRzdRu.ConsoleApp.csproj", "{E541C354-C834-41C8-B5AF-0B97CE3ED15A}"
EndProject
Project("{FAE04EC0-301F-11D3-BF4B-00C04F79EFBC}") = "Kaolin.Services.PassRzdRu.RailClient", "Kaolin.Services.PassRzdRu.RailClient\Kaolin.Services.PassRzdRu.RailClient.csproj", "{D27FCE76-3C9D-4E79-8325-6E3E3539E2ED}"
EndProject
Global
	GlobalSection(SolutionConfigurationPlatforms) = preSolution
		Debug|Any CPU = Debug|Any CPU
		Release|Any CPU = Release|Any CPU
	EndGlobalSection
	GlobalSection(ProjectConfigurationPlatforms) = postSolution
		{A0A99268-08AA-4A07-88D3-41EE2DDA3A14}.Debug|Any CPU.ActiveCfg = Debug|Any CPU
		{A0A99268-08AA-4A07-88D3-41EE2DDA3A14}.Debug|Any CPU.Build.0 = Debug|Any CPU
		{A0A99268-08AA-4A07-88D3-41EE2DDA3A14}.Release|Any CPU.ActiveCfg = Release|Any CPU
		{A0A99268-08AA-4A07-88D3-41EE2DDA3A14}.Release|Any CPU.Build.0 = Release|Any CPU
		{6B9FD207-1C82-4095-8554-3D95CAE38C00}.Debug|Any CPU.ActiveCfg = Debug|Any CPU
		{6B9FD207-1C82-4095-8554-3D95CAE38C00}.Debug|Any CPU.Build.0 = Debug|Any CPU
		{6B9FD207-1C82-4095-8554-3D95CAE38C00}.Release|Any CPU.ActiveCfg = Release|Any CPU
		{6B9FD207-1C82-4095-8554-3D95CAE38C00}.Release|Any CPU.Build.0 = Release|Any CPU
		{E541C354-C834-41C8-B5AF-0B97CE3ED15A}.Debug|Any CPU.ActiveCfg = Debug|Any CPU
		{E541C354-C834-41C8-B5AF-0B97CE3ED15A}.Debug|Any CPU.Build.0 = Debug|Any CPU
		{E541C354-C834-41C8-B5AF-0B97CE3ED15A}.Release|Any CPU.ActiveCfg = Release|Any CPU
		{E541C354-C834-41C8-B5AF-0B97CE3ED15A}.Release|Any CPU.Build.0 = Release|Any CPU
		{D27FCE76-3C9D-4E79-8325-6E3E3539E2ED}.Debug|Any CPU.ActiveCfg = Debug|Any CPU
		{D27FCE76-3C9D-4E79-8325-6E3E3539E2ED}.Debug|Any CPU.Build.0 = Debug|Any CPU
		{D27FCE76-3C9D-4E79-8325-6E3E3539E2ED}.Release|Any CPU.ActiveCfg = Release|Any CPU
		{D27FCE76-3C9D-4E79-8325-6E3E3539E2ED}.Release|Any CPU.Build.0 = Release|Any CPU
	EndGlobalSection
	GlobalSection(SolutionProperties) = preSolution
		HideSolutionNode = FALSE
	EndGlobalSection
	GlobalSection(ExtensibilityGlobals) = postSolution
		SolutionGuid = {E847A1A8-4C39-46A1-A535-E414656E93AB}
	EndGlobalSection
EndGlobal
