
Microsoft Visual Studio Solution File, Format Version 12.00
# Visual Studio 15
VisualStudioVersion = 15.0.26124.0
MinimumVisualStudioVersion = 15.0.26124.0
Project("{9A19103F-16F7-4668-BE54-9A1E7A4F7556}") = "Fortress.Api.Security", "Security\Fortress.Api.Security\Fortress.Api.Security.csproj", "{5C911DEA-A805-41B8-B849-846C41A8801E}"
EndProject
Project("{2150E333-8FDC-42A3-9474-1A3956D46DE8}") = "API.Security", "API.Security", "{AC9ECDCE-55DC-4450-99EF-C0ADAAB42BD0}"
EndProject
Project("{2150E333-8FDC-42A3-9474-1A3956D46DE8}") = "API.Rail", "API.Rail", "{CD7D1708-1CA2-403A-B8DF-86FF2F6F59B4}"
EndProject
Project("{2150E333-8FDC-42A3-9474-1A3956D46DE8}") = "API.Avia", "API.Avia", "{BDBA3E13-C0AF-4735-99B4-C699B18E4798}"
EndProject
Project("{2150E333-8FDC-42A3-9474-1A3956D46DE8}") = "API.Hotel", "API.Hotel", "{662CFF98-A3F5-4411-9323-F0DF33B15D74}"
EndProject
Project("{2150E333-8FDC-42A3-9474-1A3956D46DE8}") = "API.Traveler", "API.Traveler", "{3886D4F8-F76D-41D4-9531-50FCF9D3ECE4}"
EndProject
Project("{2150E333-8FDC-42A3-9474-1A3956D46DE8}") = "Clients", "Clients", "{7944C798-53EE-47E2-BCBE-C5032CE7CBFD}"
EndProject
Project("{9A19103F-16F7-4668-BE54-9A1E7A4F7556}") = "Kaolin.Api.Rail", "Rail\Kaolin.Api.Rail\Kaolin.Api.Rail.csproj", "{1A9AD4C4-8235-40EA-B6BA-A0513C168A3C}"
EndProject
Project("{9A19103F-16F7-4668-BE54-9A1E7A4F7556}") = "Kaolin.Infrastructure.Database", "Rail\Kaolin.Infrastructure.Database\Kaolin.Infrastructure.Database.csproj", "{93EB562F-509B-4FCF-89BA-7393A232B613}"
EndProject
Project("{9A19103F-16F7-4668-BE54-9A1E7A4F7556}") = "Kaolin.Infrastructure.SessionStore", "Rail\Kaolin.Infrastructure.SessionStore\Kaolin.Infrastructure.SessionStore.csproj", "{6CDF1BFE-6874-43F2-AC44-5A93E92EDDEE}"
EndProject
Project("{9A19103F-16F7-4668-BE54-9A1E7A4F7556}") = "Kaolin.Models.Rail", "Rail\Kaolin.Models.Rail\Kaolin.Models.Rail.csproj", "{B6A5F80F-D63C-49A7-B86B-E9C6421391B9}"
EndProject
Project("{9A19103F-16F7-4668-BE54-9A1E7A4F7556}") = "Kaolin.Services.PassRzdRu.Parser", "Rail\Kaolin.Services.PassRzdRu.Parser\Kaolin.Services.PassRzdRu.Parser.csproj", "{AD2E6CBF-4A28-444C-A856-C3CA8DF3C9C2}"
EndProject
Project("{9A19103F-16F7-4668-BE54-9A1E7A4F7556}") = "Kaolin.Services.PassRzdRu.RailClient", "Rail\Kaolin.Services.PassRzdRu.RailClient\Kaolin.Services.PassRzdRu.RailClient.csproj", "{9B1501DA-4F0B-458C-9884-9721FE20FFD0}"
EndProject
Project("{9A19103F-16F7-4668-BE54-9A1E7A4F7556}") = "Kaolin.Services.PassRzdRu.ConsoleApp", "Rail\Kaolin.Services.PassRzdRu.ConsoleApp\Kaolin.Services.PassRzdRu.ConsoleApp.csproj", "{22DABF0E-0450-4162-8EF8-58A6EE82A7C8}"
EndProject
Project("{9A19103F-16F7-4668-BE54-9A1E7A4F7556}") = "Kaolin.Services.Rail.ConsoleApp", "Rail\Kaolin.Services.Rail.ConsoleApp\Kaolin.Services.Rail.ConsoleApp.csproj", "{3CA253A3-E9B6-4C5C-B8CA-BEDE1DF8EFA1}"
EndProject
Project("{9A19103F-16F7-4668-BE54-9A1E7A4F7556}") = "Oasis.Api.Traveler", "Traveler\Oasis.Api.Traveler\Oasis.Api.Traveler.csproj", "{7ACA1D46-5CE3-4BDA-AE43-907D3FF26739}"
EndProject
Project("{9A19103F-16F7-4668-BE54-9A1E7A4F7556}") = "HermesSpa", "Clients\HermesSpa\HermesSpa.csproj", "{7F25BFCA-35D6-4D2C-B118-D676FE757F23}"
EndProject
Global
	GlobalSection(SolutionConfigurationPlatforms) = preSolution
		Debug|Any CPU = Debug|Any CPU
		Debug|x64 = Debug|x64
		Debug|x86 = Debug|x86
		Release|Any CPU = Release|Any CPU
		Release|x64 = Release|x64
		Release|x86 = Release|x86
	EndGlobalSection
	GlobalSection(ProjectConfigurationPlatforms) = postSolution
		{5C911DEA-A805-41B8-B849-846C41A8801E}.Debug|Any CPU.ActiveCfg = Debug|Any CPU
		{5C911DEA-A805-41B8-B849-846C41A8801E}.Debug|Any CPU.Build.0 = Debug|Any CPU
		{5C911DEA-A805-41B8-B849-846C41A8801E}.Debug|x64.ActiveCfg = Debug|Any CPU
		{5C911DEA-A805-41B8-B849-846C41A8801E}.Debug|x64.Build.0 = Debug|Any CPU
		{5C911DEA-A805-41B8-B849-846C41A8801E}.Debug|x86.ActiveCfg = Debug|Any CPU
		{5C911DEA-A805-41B8-B849-846C41A8801E}.Debug|x86.Build.0 = Debug|Any CPU
		{5C911DEA-A805-41B8-B849-846C41A8801E}.Release|Any CPU.ActiveCfg = Release|Any CPU
		{5C911DEA-A805-41B8-B849-846C41A8801E}.Release|Any CPU.Build.0 = Release|Any CPU
		{5C911DEA-A805-41B8-B849-846C41A8801E}.Release|x64.ActiveCfg = Release|Any CPU
		{5C911DEA-A805-41B8-B849-846C41A8801E}.Release|x64.Build.0 = Release|Any CPU
		{5C911DEA-A805-41B8-B849-846C41A8801E}.Release|x86.ActiveCfg = Release|Any CPU
		{5C911DEA-A805-41B8-B849-846C41A8801E}.Release|x86.Build.0 = Release|Any CPU
		{1A9AD4C4-8235-40EA-B6BA-A0513C168A3C}.Debug|Any CPU.ActiveCfg = Debug|Any CPU
		{1A9AD4C4-8235-40EA-B6BA-A0513C168A3C}.Debug|Any CPU.Build.0 = Debug|Any CPU
		{1A9AD4C4-8235-40EA-B6BA-A0513C168A3C}.Debug|x64.ActiveCfg = Debug|Any CPU
		{1A9AD4C4-8235-40EA-B6BA-A0513C168A3C}.Debug|x64.Build.0 = Debug|Any CPU
		{1A9AD4C4-8235-40EA-B6BA-A0513C168A3C}.Debug|x86.ActiveCfg = Debug|Any CPU
		{1A9AD4C4-8235-40EA-B6BA-A0513C168A3C}.Debug|x86.Build.0 = Debug|Any CPU
		{1A9AD4C4-8235-40EA-B6BA-A0513C168A3C}.Release|Any CPU.ActiveCfg = Release|Any CPU
		{1A9AD4C4-8235-40EA-B6BA-A0513C168A3C}.Release|Any CPU.Build.0 = Release|Any CPU
		{1A9AD4C4-8235-40EA-B6BA-A0513C168A3C}.Release|x64.ActiveCfg = Release|Any CPU
		{1A9AD4C4-8235-40EA-B6BA-A0513C168A3C}.Release|x64.Build.0 = Release|Any CPU
		{1A9AD4C4-8235-40EA-B6BA-A0513C168A3C}.Release|x86.ActiveCfg = Release|Any CPU
		{1A9AD4C4-8235-40EA-B6BA-A0513C168A3C}.Release|x86.Build.0 = Release|Any CPU
		{93EB562F-509B-4FCF-89BA-7393A232B613}.Debug|Any CPU.ActiveCfg = Debug|Any CPU
		{93EB562F-509B-4FCF-89BA-7393A232B613}.Debug|Any CPU.Build.0 = Debug|Any CPU
		{93EB562F-509B-4FCF-89BA-7393A232B613}.Debug|x64.ActiveCfg = Debug|Any CPU
		{93EB562F-509B-4FCF-89BA-7393A232B613}.Debug|x64.Build.0 = Debug|Any CPU
		{93EB562F-509B-4FCF-89BA-7393A232B613}.Debug|x86.ActiveCfg = Debug|Any CPU
		{93EB562F-509B-4FCF-89BA-7393A232B613}.Debug|x86.Build.0 = Debug|Any CPU
		{93EB562F-509B-4FCF-89BA-7393A232B613}.Release|Any CPU.ActiveCfg = Release|Any CPU
		{93EB562F-509B-4FCF-89BA-7393A232B613}.Release|Any CPU.Build.0 = Release|Any CPU
		{93EB562F-509B-4FCF-89BA-7393A232B613}.Release|x64.ActiveCfg = Release|Any CPU
		{93EB562F-509B-4FCF-89BA-7393A232B613}.Release|x64.Build.0 = Release|Any CPU
		{93EB562F-509B-4FCF-89BA-7393A232B613}.Release|x86.ActiveCfg = Release|Any CPU
		{93EB562F-509B-4FCF-89BA-7393A232B613}.Release|x86.Build.0 = Release|Any CPU
		{6CDF1BFE-6874-43F2-AC44-5A93E92EDDEE}.Debug|Any CPU.ActiveCfg = Debug|Any CPU
		{6CDF1BFE-6874-43F2-AC44-5A93E92EDDEE}.Debug|Any CPU.Build.0 = Debug|Any CPU
		{6CDF1BFE-6874-43F2-AC44-5A93E92EDDEE}.Debug|x64.ActiveCfg = Debug|Any CPU
		{6CDF1BFE-6874-43F2-AC44-5A93E92EDDEE}.Debug|x64.Build.0 = Debug|Any CPU
		{6CDF1BFE-6874-43F2-AC44-5A93E92EDDEE}.Debug|x86.ActiveCfg = Debug|Any CPU
		{6CDF1BFE-6874-43F2-AC44-5A93E92EDDEE}.Debug|x86.Build.0 = Debug|Any CPU
		{6CDF1BFE-6874-43F2-AC44-5A93E92EDDEE}.Release|Any CPU.ActiveCfg = Release|Any CPU
		{6CDF1BFE-6874-43F2-AC44-5A93E92EDDEE}.Release|Any CPU.Build.0 = Release|Any CPU
		{6CDF1BFE-6874-43F2-AC44-5A93E92EDDEE}.Release|x64.ActiveCfg = Release|Any CPU
		{6CDF1BFE-6874-43F2-AC44-5A93E92EDDEE}.Release|x64.Build.0 = Release|Any CPU
		{6CDF1BFE-6874-43F2-AC44-5A93E92EDDEE}.Release|x86.ActiveCfg = Release|Any CPU
		{6CDF1BFE-6874-43F2-AC44-5A93E92EDDEE}.Release|x86.Build.0 = Release|Any CPU
		{B6A5F80F-D63C-49A7-B86B-E9C6421391B9}.Debug|Any CPU.ActiveCfg = Debug|Any CPU
		{B6A5F80F-D63C-49A7-B86B-E9C6421391B9}.Debug|Any CPU.Build.0 = Debug|Any CPU
		{B6A5F80F-D63C-49A7-B86B-E9C6421391B9}.Debug|x64.ActiveCfg = Debug|Any CPU
		{B6A5F80F-D63C-49A7-B86B-E9C6421391B9}.Debug|x64.Build.0 = Debug|Any CPU
		{B6A5F80F-D63C-49A7-B86B-E9C6421391B9}.Debug|x86.ActiveCfg = Debug|Any CPU
		{B6A5F80F-D63C-49A7-B86B-E9C6421391B9}.Debug|x86.Build.0 = Debug|Any CPU
		{B6A5F80F-D63C-49A7-B86B-E9C6421391B9}.Release|Any CPU.ActiveCfg = Release|Any CPU
		{B6A5F80F-D63C-49A7-B86B-E9C6421391B9}.Release|Any CPU.Build.0 = Release|Any CPU
		{B6A5F80F-D63C-49A7-B86B-E9C6421391B9}.Release|x64.ActiveCfg = Release|Any CPU
		{B6A5F80F-D63C-49A7-B86B-E9C6421391B9}.Release|x64.Build.0 = Release|Any CPU
		{B6A5F80F-D63C-49A7-B86B-E9C6421391B9}.Release|x86.ActiveCfg = Release|Any CPU
		{B6A5F80F-D63C-49A7-B86B-E9C6421391B9}.Release|x86.Build.0 = Release|Any CPU
		{AD2E6CBF-4A28-444C-A856-C3CA8DF3C9C2}.Debug|Any CPU.ActiveCfg = Debug|Any CPU
		{AD2E6CBF-4A28-444C-A856-C3CA8DF3C9C2}.Debug|Any CPU.Build.0 = Debug|Any CPU
		{AD2E6CBF-4A28-444C-A856-C3CA8DF3C9C2}.Debug|x64.ActiveCfg = Debug|Any CPU
		{AD2E6CBF-4A28-444C-A856-C3CA8DF3C9C2}.Debug|x64.Build.0 = Debug|Any CPU
		{AD2E6CBF-4A28-444C-A856-C3CA8DF3C9C2}.Debug|x86.ActiveCfg = Debug|Any CPU
		{AD2E6CBF-4A28-444C-A856-C3CA8DF3C9C2}.Debug|x86.Build.0 = Debug|Any CPU
		{AD2E6CBF-4A28-444C-A856-C3CA8DF3C9C2}.Release|Any CPU.ActiveCfg = Release|Any CPU
		{AD2E6CBF-4A28-444C-A856-C3CA8DF3C9C2}.Release|Any CPU.Build.0 = Release|Any CPU
		{AD2E6CBF-4A28-444C-A856-C3CA8DF3C9C2}.Release|x64.ActiveCfg = Release|Any CPU
		{AD2E6CBF-4A28-444C-A856-C3CA8DF3C9C2}.Release|x64.Build.0 = Release|Any CPU
		{AD2E6CBF-4A28-444C-A856-C3CA8DF3C9C2}.Release|x86.ActiveCfg = Release|Any CPU
		{AD2E6CBF-4A28-444C-A856-C3CA8DF3C9C2}.Release|x86.Build.0 = Release|Any CPU
		{9B1501DA-4F0B-458C-9884-9721FE20FFD0}.Debug|Any CPU.ActiveCfg = Debug|Any CPU
		{9B1501DA-4F0B-458C-9884-9721FE20FFD0}.Debug|Any CPU.Build.0 = Debug|Any CPU
		{9B1501DA-4F0B-458C-9884-9721FE20FFD0}.Debug|x64.ActiveCfg = Debug|Any CPU
		{9B1501DA-4F0B-458C-9884-9721FE20FFD0}.Debug|x64.Build.0 = Debug|Any CPU
		{9B1501DA-4F0B-458C-9884-9721FE20FFD0}.Debug|x86.ActiveCfg = Debug|Any CPU
		{9B1501DA-4F0B-458C-9884-9721FE20FFD0}.Debug|x86.Build.0 = Debug|Any CPU
		{9B1501DA-4F0B-458C-9884-9721FE20FFD0}.Release|Any CPU.ActiveCfg = Release|Any CPU
		{9B1501DA-4F0B-458C-9884-9721FE20FFD0}.Release|Any CPU.Build.0 = Release|Any CPU
		{9B1501DA-4F0B-458C-9884-9721FE20FFD0}.Release|x64.ActiveCfg = Release|Any CPU
		{9B1501DA-4F0B-458C-9884-9721FE20FFD0}.Release|x64.Build.0 = Release|Any CPU
		{9B1501DA-4F0B-458C-9884-9721FE20FFD0}.Release|x86.ActiveCfg = Release|Any CPU
		{9B1501DA-4F0B-458C-9884-9721FE20FFD0}.Release|x86.Build.0 = Release|Any CPU
		{22DABF0E-0450-4162-8EF8-58A6EE82A7C8}.Debug|Any CPU.ActiveCfg = Debug|Any CPU
		{22DABF0E-0450-4162-8EF8-58A6EE82A7C8}.Debug|Any CPU.Build.0 = Debug|Any CPU
		{22DABF0E-0450-4162-8EF8-58A6EE82A7C8}.Debug|x64.ActiveCfg = Debug|Any CPU
		{22DABF0E-0450-4162-8EF8-58A6EE82A7C8}.Debug|x64.Build.0 = Debug|Any CPU
		{22DABF0E-0450-4162-8EF8-58A6EE82A7C8}.Debug|x86.ActiveCfg = Debug|Any CPU
		{22DABF0E-0450-4162-8EF8-58A6EE82A7C8}.Debug|x86.Build.0 = Debug|Any CPU
		{22DABF0E-0450-4162-8EF8-58A6EE82A7C8}.Release|Any CPU.ActiveCfg = Release|Any CPU
		{22DABF0E-0450-4162-8EF8-58A6EE82A7C8}.Release|Any CPU.Build.0 = Release|Any CPU
		{22DABF0E-0450-4162-8EF8-58A6EE82A7C8}.Release|x64.ActiveCfg = Release|Any CPU
		{22DABF0E-0450-4162-8EF8-58A6EE82A7C8}.Release|x64.Build.0 = Release|Any CPU
		{22DABF0E-0450-4162-8EF8-58A6EE82A7C8}.Release|x86.ActiveCfg = Release|Any CPU
		{22DABF0E-0450-4162-8EF8-58A6EE82A7C8}.Release|x86.Build.0 = Release|Any CPU
		{3CA253A3-E9B6-4C5C-B8CA-BEDE1DF8EFA1}.Debug|Any CPU.ActiveCfg = Debug|Any CPU
		{3CA253A3-E9B6-4C5C-B8CA-BEDE1DF8EFA1}.Debug|Any CPU.Build.0 = Debug|Any CPU
		{3CA253A3-E9B6-4C5C-B8CA-BEDE1DF8EFA1}.Debug|x64.ActiveCfg = Debug|Any CPU
		{3CA253A3-E9B6-4C5C-B8CA-BEDE1DF8EFA1}.Debug|x64.Build.0 = Debug|Any CPU
		{3CA253A3-E9B6-4C5C-B8CA-BEDE1DF8EFA1}.Debug|x86.ActiveCfg = Debug|Any CPU
		{3CA253A3-E9B6-4C5C-B8CA-BEDE1DF8EFA1}.Debug|x86.Build.0 = Debug|Any CPU
		{3CA253A3-E9B6-4C5C-B8CA-BEDE1DF8EFA1}.Release|Any CPU.ActiveCfg = Release|Any CPU
		{3CA253A3-E9B6-4C5C-B8CA-BEDE1DF8EFA1}.Release|Any CPU.Build.0 = Release|Any CPU
		{3CA253A3-E9B6-4C5C-B8CA-BEDE1DF8EFA1}.Release|x64.ActiveCfg = Release|Any CPU
		{3CA253A3-E9B6-4C5C-B8CA-BEDE1DF8EFA1}.Release|x64.Build.0 = Release|Any CPU
		{3CA253A3-E9B6-4C5C-B8CA-BEDE1DF8EFA1}.Release|x86.ActiveCfg = Release|Any CPU
		{3CA253A3-E9B6-4C5C-B8CA-BEDE1DF8EFA1}.Release|x86.Build.0 = Release|Any CPU
		{7ACA1D46-5CE3-4BDA-AE43-907D3FF26739}.Debug|Any CPU.ActiveCfg = Debug|Any CPU
		{7ACA1D46-5CE3-4BDA-AE43-907D3FF26739}.Debug|Any CPU.Build.0 = Debug|Any CPU
		{7ACA1D46-5CE3-4BDA-AE43-907D3FF26739}.Debug|x64.ActiveCfg = Debug|Any CPU
		{7ACA1D46-5CE3-4BDA-AE43-907D3FF26739}.Debug|x64.Build.0 = Debug|Any CPU
		{7ACA1D46-5CE3-4BDA-AE43-907D3FF26739}.Debug|x86.ActiveCfg = Debug|Any CPU
		{7ACA1D46-5CE3-4BDA-AE43-907D3FF26739}.Debug|x86.Build.0 = Debug|Any CPU
		{7ACA1D46-5CE3-4BDA-AE43-907D3FF26739}.Release|Any CPU.ActiveCfg = Release|Any CPU
		{7ACA1D46-5CE3-4BDA-AE43-907D3FF26739}.Release|Any CPU.Build.0 = Release|Any CPU
		{7ACA1D46-5CE3-4BDA-AE43-907D3FF26739}.Release|x64.ActiveCfg = Release|Any CPU
		{7ACA1D46-5CE3-4BDA-AE43-907D3FF26739}.Release|x64.Build.0 = Release|Any CPU
		{7ACA1D46-5CE3-4BDA-AE43-907D3FF26739}.Release|x86.ActiveCfg = Release|Any CPU
		{7ACA1D46-5CE3-4BDA-AE43-907D3FF26739}.Release|x86.Build.0 = Release|Any CPU
		{7F25BFCA-35D6-4D2C-B118-D676FE757F23}.Debug|Any CPU.ActiveCfg = Debug|Any CPU
		{7F25BFCA-35D6-4D2C-B118-D676FE757F23}.Debug|Any CPU.Build.0 = Debug|Any CPU
		{7F25BFCA-35D6-4D2C-B118-D676FE757F23}.Debug|x64.ActiveCfg = Debug|Any CPU
		{7F25BFCA-35D6-4D2C-B118-D676FE757F23}.Debug|x64.Build.0 = Debug|Any CPU
		{7F25BFCA-35D6-4D2C-B118-D676FE757F23}.Debug|x86.ActiveCfg = Debug|Any CPU
		{7F25BFCA-35D6-4D2C-B118-D676FE757F23}.Debug|x86.Build.0 = Debug|Any CPU
		{7F25BFCA-35D6-4D2C-B118-D676FE757F23}.Release|Any CPU.ActiveCfg = Release|Any CPU
		{7F25BFCA-35D6-4D2C-B118-D676FE757F23}.Release|Any CPU.Build.0 = Release|Any CPU
		{7F25BFCA-35D6-4D2C-B118-D676FE757F23}.Release|x64.ActiveCfg = Release|Any CPU
		{7F25BFCA-35D6-4D2C-B118-D676FE757F23}.Release|x64.Build.0 = Release|Any CPU
		{7F25BFCA-35D6-4D2C-B118-D676FE757F23}.Release|x86.ActiveCfg = Release|Any CPU
		{7F25BFCA-35D6-4D2C-B118-D676FE757F23}.Release|x86.Build.0 = Release|Any CPU
	EndGlobalSection
	GlobalSection(SolutionProperties) = preSolution
		HideSolutionNode = FALSE
	EndGlobalSection
	GlobalSection(NestedProjects) = preSolution
		{5C911DEA-A805-41B8-B849-846C41A8801E} = {AC9ECDCE-55DC-4450-99EF-C0ADAAB42BD0}
		{1A9AD4C4-8235-40EA-B6BA-A0513C168A3C} = {CD7D1708-1CA2-403A-B8DF-86FF2F6F59B4}
		{93EB562F-509B-4FCF-89BA-7393A232B613} = {CD7D1708-1CA2-403A-B8DF-86FF2F6F59B4}
		{6CDF1BFE-6874-43F2-AC44-5A93E92EDDEE} = {CD7D1708-1CA2-403A-B8DF-86FF2F6F59B4}
		{B6A5F80F-D63C-49A7-B86B-E9C6421391B9} = {CD7D1708-1CA2-403A-B8DF-86FF2F6F59B4}
		{AD2E6CBF-4A28-444C-A856-C3CA8DF3C9C2} = {CD7D1708-1CA2-403A-B8DF-86FF2F6F59B4}
		{9B1501DA-4F0B-458C-9884-9721FE20FFD0} = {CD7D1708-1CA2-403A-B8DF-86FF2F6F59B4}
		{22DABF0E-0450-4162-8EF8-58A6EE82A7C8} = {CD7D1708-1CA2-403A-B8DF-86FF2F6F59B4}
		{3CA253A3-E9B6-4C5C-B8CA-BEDE1DF8EFA1} = {CD7D1708-1CA2-403A-B8DF-86FF2F6F59B4}
		{7ACA1D46-5CE3-4BDA-AE43-907D3FF26739} = {3886D4F8-F76D-41D4-9531-50FCF9D3ECE4}
		{7F25BFCA-35D6-4D2C-B118-D676FE757F23} = {7944C798-53EE-47E2-BCBE-C5032CE7CBFD}
	EndGlobalSection
	GlobalSection(ExtensibilityGlobals) = postSolution
		SolutionGuid = {B06F0F87-645A-4435-B252-2A0A3E7C304A}
	EndGlobalSection
EndGlobal
