
Microsoft Visual Studio Solution File, Format Version 12.00
# Visual Studio 15
VisualStudioVersion = 15.0.26124.0
MinimumVisualStudioVersion = 15.0.26124.0
Project("{9A19103F-16F7-4668-BE54-9A1E7A4F7556}") = "HermesSpa", "HermesSpa\HermesSpa.csproj", "{0083B5F0-D03A-4B79-8B70-BD3EA6079982}"
EndProject
Global
	GlobalSection(SolutionConfigurationPlatforms) = preSolution
		Debug|Any CPU = Debug|Any CPU
		Debug|x64 = Debug|x64
		Debug|x86 = Debug|x86
		Release|Any CPU = Release|Any CPU
		Release|x64 = Release|x64
		Release|x86 = Release|x86
	EndGlobalSection
	GlobalSection(ProjectConfigurationPlatforms) = postSolution
		{0083B5F0-D03A-4B79-8B70-BD3EA6079982}.Debug|Any CPU.ActiveCfg = Debug|Any CPU
		{0083B5F0-D03A-4B79-8B70-BD3EA6079982}.Debug|Any CPU.Build.0 = Debug|Any CPU
		{0083B5F0-D03A-4B79-8B70-BD3EA6079982}.Debug|x64.ActiveCfg = Debug|Any CPU
		{0083B5F0-D03A-4B79-8B70-BD3EA6079982}.Debug|x64.Build.0 = Debug|Any CPU
		{0083B5F0-D03A-4B79-8B70-BD3EA6079982}.Debug|x86.ActiveCfg = Debug|Any CPU
		{0083B5F0-D03A-4B79-8B70-BD3EA6079982}.Debug|x86.Build.0 = Debug|Any CPU
		{0083B5F0-D03A-4B79-8B70-BD3EA6079982}.Release|Any CPU.ActiveCfg = Release|Any CPU
		{0083B5F0-D03A-4B79-8B70-BD3EA6079982}.Release|Any CPU.Build.0 = Release|Any CPU
		{0083B5F0-D03A-4B79-8B70-BD3EA6079982}.Release|x64.ActiveCfg = Release|Any CPU
		{0083B5F0-D03A-4B79-8B70-BD3EA6079982}.Release|x64.Build.0 = Release|Any CPU
		{0083B5F0-D03A-4B79-8B70-BD3EA6079982}.Release|x86.ActiveCfg = Release|Any CPU
		{0083B5F0-D03A-4B79-8B70-BD3EA6079982}.Release|x86.Build.0 = Release|Any CPU
	EndGlobalSection
	GlobalSection(SolutionProperties) = preSolution
		HideSolutionNode = FALSE
	EndGlobalSection
	GlobalSection(ExtensibilityGlobals) = postSolution
		SolutionGuid = {BA06BF9C-CA8A-4BC6-94F9-2EB99E1B809C}
	EndGlobalSection
EndGlobal
